
Microsoft Visual Studio Solution File, Format Version 12.00
Project("{2150E333-8FDC-42A3-9474-1A3956D46DE8}") = "src", "src", "{CDDA75D8-2998-44C8-9878-0EBC9F739072}"
EndProject
Project("{2150E333-8FDC-42A3-9474-1A3956D46DE8}") = "examples", "examples", "{08047426-D743-452C-A551-690DAF6A653A}"
EndProject
Project("{2150E333-8FDC-42A3-9474-1A3956D46DE8}") = "Storage", "Storage", "{7A2E0D06-ADF8-48A0-9FC1-E78DC9BE5310}"
EndProject
Project("{2150E333-8FDC-42A3-9474-1A3956D46DE8}") = "Core", "Core", "{F0E696FD-3FED-4661-907E-0946E48963B2}"
EndProject
Project("{FAE04EC0-301F-11D3-BF4B-00C04F79EFBC}") = "Playground", "examples\Playground\Playground.csproj", "{C640389C-D3D3-429C-8C1A-88919897A168}"
EndProject
Project("{FAE04EC0-301F-11D3-BF4B-00C04F79EFBC}") = "Impex.Contexts", "src\Impex.Contexts\Impex.Contexts.csproj", "{E103A620-D545-432E-ACEB-DB8E808DD582}"
EndProject
Project("{FAE04EC0-301F-11D3-BF4B-00C04F79EFBC}") = "Impex.Json", "src\Impex.Json\Impex.Json.csproj", "{EB9CC928-7FB2-4B92-B46F-E10AA30463CA}"
EndProject
Project("{FAE04EC0-301F-11D3-BF4B-00C04F79EFBC}") = "Impex.Storage.Azure", "src\Impex.Storage.Azure\Impex.Storage.Azure.csproj", "{F71CED09-528A-48C2-BB1E-BEFF96FDA40F}"
EndProject
Project("{FAE04EC0-301F-11D3-BF4B-00C04F79EFBC}") = "Impex.Storage.InMemory", "src\Impex.Storage.InMemory\Impex.Storage.InMemory.csproj", "{B43DBEEA-9877-41AD-A1E2-15399149C97A}"
EndProject
Project("{FAE04EC0-301F-11D3-BF4B-00C04F79EFBC}") = "Impex.Storage.Common", "src\Impex.Storage.Common\Impex.Storage.Common.csproj", "{0D427074-2647-4CF7-91E0-E6C503953BEE}"
EndProject
Project("{2150E333-8FDC-42A3-9474-1A3956D46DE8}") = "tests", "tests", "{5FBC9498-EC2C-4A63-98FE-FEEA74B163DB}"
EndProject
Project("{FAE04EC0-301F-11D3-BF4B-00C04F79EFBC}") = "Impex.Json.Unit", "tests\Impex.Json.Unit\Impex.Json.Unit.csproj", "{A7F61545-E083-416D-940B-330CF46E3B8E}"
EndProject
Project("{FAE04EC0-301F-11D3-BF4B-00C04F79EFBC}") = "Impex.Contexts.Unit", "tests\Impex.Contexts.Unit\Impex.Contexts.Unit.csproj", "{30230801-7EF2-4ABC-869E-37F1A7CFCF0D}"
EndProject
Global
	GlobalSection(SolutionConfigurationPlatforms) = preSolution
		Debug|Any CPU = Debug|Any CPU
		Release|Any CPU = Release|Any CPU
	EndGlobalSection
	GlobalSection(NestedProjects) = preSolution
		{7A2E0D06-ADF8-48A0-9FC1-E78DC9BE5310} = {CDDA75D8-2998-44C8-9878-0EBC9F739072}
		{F0E696FD-3FED-4661-907E-0946E48963B2} = {CDDA75D8-2998-44C8-9878-0EBC9F739072}
		{C640389C-D3D3-429C-8C1A-88919897A168} = {08047426-D743-452C-A551-690DAF6A653A}
		{E103A620-D545-432E-ACEB-DB8E808DD582} = {F0E696FD-3FED-4661-907E-0946E48963B2}
		{EB9CC928-7FB2-4B92-B46F-E10AA30463CA} = {F0E696FD-3FED-4661-907E-0946E48963B2}
		{F71CED09-528A-48C2-BB1E-BEFF96FDA40F} = {7A2E0D06-ADF8-48A0-9FC1-E78DC9BE5310}
		{B43DBEEA-9877-41AD-A1E2-15399149C97A} = {7A2E0D06-ADF8-48A0-9FC1-E78DC9BE5310}
		{0D427074-2647-4CF7-91E0-E6C503953BEE} = {7A2E0D06-ADF8-48A0-9FC1-E78DC9BE5310}
		{A7F61545-E083-416D-940B-330CF46E3B8E} = {5FBC9498-EC2C-4A63-98FE-FEEA74B163DB}
		{30230801-7EF2-4ABC-869E-37F1A7CFCF0D} = {5FBC9498-EC2C-4A63-98FE-FEEA74B163DB}
	EndGlobalSection
	GlobalSection(ProjectConfigurationPlatforms) = postSolution
		{C640389C-D3D3-429C-8C1A-88919897A168}.Debug|Any CPU.ActiveCfg = Debug|Any CPU
		{C640389C-D3D3-429C-8C1A-88919897A168}.Debug|Any CPU.Build.0 = Debug|Any CPU
		{C640389C-D3D3-429C-8C1A-88919897A168}.Release|Any CPU.ActiveCfg = Release|Any CPU
		{C640389C-D3D3-429C-8C1A-88919897A168}.Release|Any CPU.Build.0 = Release|Any CPU
		{E103A620-D545-432E-ACEB-DB8E808DD582}.Debug|Any CPU.ActiveCfg = Debug|Any CPU
		{E103A620-D545-432E-ACEB-DB8E808DD582}.Debug|Any CPU.Build.0 = Debug|Any CPU
		{E103A620-D545-432E-ACEB-DB8E808DD582}.Release|Any CPU.ActiveCfg = Release|Any CPU
		{E103A620-D545-432E-ACEB-DB8E808DD582}.Release|Any CPU.Build.0 = Release|Any CPU
		{EB9CC928-7FB2-4B92-B46F-E10AA30463CA}.Debug|Any CPU.ActiveCfg = Debug|Any CPU
		{EB9CC928-7FB2-4B92-B46F-E10AA30463CA}.Debug|Any CPU.Build.0 = Debug|Any CPU
		{EB9CC928-7FB2-4B92-B46F-E10AA30463CA}.Release|Any CPU.ActiveCfg = Release|Any CPU
		{EB9CC928-7FB2-4B92-B46F-E10AA30463CA}.Release|Any CPU.Build.0 = Release|Any CPU
		{F71CED09-528A-48C2-BB1E-BEFF96FDA40F}.Debug|Any CPU.ActiveCfg = Debug|Any CPU
		{F71CED09-528A-48C2-BB1E-BEFF96FDA40F}.Debug|Any CPU.Build.0 = Debug|Any CPU
		{F71CED09-528A-48C2-BB1E-BEFF96FDA40F}.Release|Any CPU.ActiveCfg = Release|Any CPU
		{F71CED09-528A-48C2-BB1E-BEFF96FDA40F}.Release|Any CPU.Build.0 = Release|Any CPU
		{B43DBEEA-9877-41AD-A1E2-15399149C97A}.Debug|Any CPU.ActiveCfg = Debug|Any CPU
		{B43DBEEA-9877-41AD-A1E2-15399149C97A}.Debug|Any CPU.Build.0 = Debug|Any CPU
		{B43DBEEA-9877-41AD-A1E2-15399149C97A}.Release|Any CPU.ActiveCfg = Release|Any CPU
		{B43DBEEA-9877-41AD-A1E2-15399149C97A}.Release|Any CPU.Build.0 = Release|Any CPU
		{0D427074-2647-4CF7-91E0-E6C503953BEE}.Debug|Any CPU.ActiveCfg = Debug|Any CPU
		{0D427074-2647-4CF7-91E0-E6C503953BEE}.Debug|Any CPU.Build.0 = Debug|Any CPU
		{0D427074-2647-4CF7-91E0-E6C503953BEE}.Release|Any CPU.ActiveCfg = Release|Any CPU
		{0D427074-2647-4CF7-91E0-E6C503953BEE}.Release|Any CPU.Build.0 = Release|Any CPU
		{A7F61545-E083-416D-940B-330CF46E3B8E}.Debug|Any CPU.ActiveCfg = Debug|Any CPU
		{A7F61545-E083-416D-940B-330CF46E3B8E}.Debug|Any CPU.Build.0 = Debug|Any CPU
		{A7F61545-E083-416D-940B-330CF46E3B8E}.Release|Any CPU.ActiveCfg = Release|Any CPU
		{A7F61545-E083-416D-940B-330CF46E3B8E}.Release|Any CPU.Build.0 = Release|Any CPU
		{30230801-7EF2-4ABC-869E-37F1A7CFCF0D}.Debug|Any CPU.ActiveCfg = Debug|Any CPU
		{30230801-7EF2-4ABC-869E-37F1A7CFCF0D}.Debug|Any CPU.Build.0 = Debug|Any CPU
		{30230801-7EF2-4ABC-869E-37F1A7CFCF0D}.Release|Any CPU.ActiveCfg = Release|Any CPU
		{30230801-7EF2-4ABC-869E-37F1A7CFCF0D}.Release|Any CPU.Build.0 = Release|Any CPU
	EndGlobalSection
EndGlobal
